
Microsoft Visual Studio Solution File, Format Version 12.00
# Visual Studio Version 17
VisualStudioVersion = 17.5.002.0
MinimumVisualStudioVersion = 10.0.40219.1
Project("{2150E333-8FDC-42A3-9474-1A3956D46DE8}") = "sandbox", "sandbox", "{B401A857-096F-4DBF-A692-EFD2897EE6FE}"
EndProject
Project("{9A19103F-16F7-4668-BE54-9A1E7A4F7556}") = "sandbox_project", "sandbox\sandbox_project\sandbox_project.csproj", "{0D9FF5FA-4CB6-4DB2-8FAB-A8C401770D06}"
EndProject
Project("{2150E333-8FDC-42A3-9474-1A3956D46DE8}") = "week01", "week01", "{B05AE2B4-2143-474E-A2B3-202B56EB6A02}"
EndProject
Project("{9A19103F-16F7-4668-BE54-9A1E7A4F7556}") = "analyze", "week01\analyze\analyze.csproj", "{A7DAE3F7-297D-4B3D-8938-1E2C1DA7580D}"
EndProject
Project("{9A19103F-16F7-4668-BE54-9A1E7A4F7556}") = "code", "week01\code\code.csproj", "{C152C583-6A71-4EBD-9D52-93B5219A8BDA}"
EndProject
Project("{9A19103F-16F7-4668-BE54-9A1E7A4F7556}") = "teach", "week01\teach\teach.csproj", "{FF765871-D125-4691-B0CB-37425975F795}"
EndProject
Project("{2150E333-8FDC-42A3-9474-1A3956D46DE8}") = "week02", "week02", "{087335E7-9DC2-4FF6-A150-16F66201DA80}"
EndProject
Project("{9A19103F-16F7-4668-BE54-9A1E7A4F7556}") = "analyze", "week02\analyze\analyze.csproj", "{CDEF50A3-6B83-44B9-A297-17B757938484}"
EndProject
Project("{9A19103F-16F7-4668-BE54-9A1E7A4F7556}") = "code", "week02\code\code.csproj", "{6AEACDED-B2AA-42FD-B026-976C2227FBCA}"
EndProject
Project("{9A19103F-16F7-4668-BE54-9A1E7A4F7556}") = "learn", "week02\learn\learn.csproj", "{7A67212B-37F9-4B86-A67B-C094BA342C8C}"
EndProject
Project("{9A19103F-16F7-4668-BE54-9A1E7A4F7556}") = "teach", "week02\teach\teach.csproj", "{7C41C8F8-24F3-46E5-9A76-859EFFFE2844}"
EndProject
Project("{2150E333-8FDC-42A3-9474-1A3956D46DE8}") = "week03", "week03", "{DE1835EB-A966-41E0-B21C-281445FDE326}"
EndProject
Project("{9A19103F-16F7-4668-BE54-9A1E7A4F7556}") = "code", "week03\code\code.csproj", "{AD1A7DD2-BD08-402D-A0BB-483568B91C76}"
EndProject
Project("{9A19103F-16F7-4668-BE54-9A1E7A4F7556}") = "learn", "week03\learn\learn.csproj", "{90818186-B60D-4BC1-8AA4-C4C1AF24E8E0}"
EndProject
Project("{9A19103F-16F7-4668-BE54-9A1E7A4F7556}") = "teach", "week03\teach\teach.csproj", "{71C9946B-D7E5-41FA-AD9B-DF749A831A8E}"
EndProject
Project("{2150E333-8FDC-42A3-9474-1A3956D46DE8}") = "week04", "week04", "{D39424F3-FFE0-45FE-A942-13581B7EB3E5}"
EndProject
Project("{9A19103F-16F7-4668-BE54-9A1E7A4F7556}") = "code", "week04\code\code.csproj", "{12DA0221-006C-4C4E-BE5F-4746C018B207}"
EndProject
Project("{2150E333-8FDC-42A3-9474-1A3956D46DE8}") = "week05", "week05", "{FEA07560-BEEB-46BD-B8B5-B6D3D58C5506}"
EndProject
Project("{9A19103F-16F7-4668-BE54-9A1E7A4F7556}") = "code", "week05\code\code.csproj", "{435158EE-2791-495F-985A-616E2109EB81}"
EndProject
Project("{2150E333-8FDC-42A3-9474-1A3956D46DE8}") = "week06", "week06", "{2A26D294-5184-4254-B678-F5DD991FE160}"
EndProject
Project("{9A19103F-16F7-4668-BE54-9A1E7A4F7556}") = "code", "week06\code\code.csproj", "{8E5B0185-6683-4BE9-AF80-AAA1B6183268}"
EndProject
Global
	GlobalSection(SolutionConfigurationPlatforms) = preSolution
		Debug|Any CPU = Debug|Any CPU
		Release|Any CPU = Release|Any CPU
	EndGlobalSection
	GlobalSection(ProjectConfigurationPlatforms) = postSolution
		{0D9FF5FA-4CB6-4DB2-8FAB-A8C401770D06}.Debug|Any CPU.ActiveCfg = Debug|Any CPU
		{0D9FF5FA-4CB6-4DB2-8FAB-A8C401770D06}.Debug|Any CPU.Build.0 = Debug|Any CPU
		{0D9FF5FA-4CB6-4DB2-8FAB-A8C401770D06}.Release|Any CPU.ActiveCfg = Release|Any CPU
		{0D9FF5FA-4CB6-4DB2-8FAB-A8C401770D06}.Release|Any CPU.Build.0 = Release|Any CPU
		{A7DAE3F7-297D-4B3D-8938-1E2C1DA7580D}.Debug|Any CPU.ActiveCfg = Debug|Any CPU
		{A7DAE3F7-297D-4B3D-8938-1E2C1DA7580D}.Debug|Any CPU.Build.0 = Debug|Any CPU
		{A7DAE3F7-297D-4B3D-8938-1E2C1DA7580D}.Release|Any CPU.ActiveCfg = Release|Any CPU
		{A7DAE3F7-297D-4B3D-8938-1E2C1DA7580D}.Release|Any CPU.Build.0 = Release|Any CPU
		{C152C583-6A71-4EBD-9D52-93B5219A8BDA}.Debug|Any CPU.ActiveCfg = Debug|Any CPU
		{C152C583-6A71-4EBD-9D52-93B5219A8BDA}.Debug|Any CPU.Build.0 = Debug|Any CPU
		{C152C583-6A71-4EBD-9D52-93B5219A8BDA}.Release|Any CPU.ActiveCfg = Release|Any CPU
		{C152C583-6A71-4EBD-9D52-93B5219A8BDA}.Release|Any CPU.Build.0 = Release|Any CPU
		{FF765871-D125-4691-B0CB-37425975F795}.Debug|Any CPU.ActiveCfg = Debug|Any CPU
		{FF765871-D125-4691-B0CB-37425975F795}.Debug|Any CPU.Build.0 = Debug|Any CPU
		{FF765871-D125-4691-B0CB-37425975F795}.Release|Any CPU.ActiveCfg = Release|Any CPU
		{FF765871-D125-4691-B0CB-37425975F795}.Release|Any CPU.Build.0 = Release|Any CPU
		{CDEF50A3-6B83-44B9-A297-17B757938484}.Debug|Any CPU.ActiveCfg = Debug|Any CPU
		{CDEF50A3-6B83-44B9-A297-17B757938484}.Debug|Any CPU.Build.0 = Debug|Any CPU
		{CDEF50A3-6B83-44B9-A297-17B757938484}.Release|Any CPU.ActiveCfg = Release|Any CPU
		{CDEF50A3-6B83-44B9-A297-17B757938484}.Release|Any CPU.Build.0 = Release|Any CPU
		{6AEACDED-B2AA-42FD-B026-976C2227FBCA}.Debug|Any CPU.ActiveCfg = Debug|Any CPU
		{6AEACDED-B2AA-42FD-B026-976C2227FBCA}.Debug|Any CPU.Build.0 = Debug|Any CPU
		{6AEACDED-B2AA-42FD-B026-976C2227FBCA}.Release|Any CPU.ActiveCfg = Release|Any CPU
		{6AEACDED-B2AA-42FD-B026-976C2227FBCA}.Release|Any CPU.Build.0 = Release|Any CPU
		{7A67212B-37F9-4B86-A67B-C094BA342C8C}.Debug|Any CPU.ActiveCfg = Debug|Any CPU
		{7A67212B-37F9-4B86-A67B-C094BA342C8C}.Debug|Any CPU.Build.0 = Debug|Any CPU
		{7A67212B-37F9-4B86-A67B-C094BA342C8C}.Release|Any CPU.ActiveCfg = Release|Any CPU
		{7A67212B-37F9-4B86-A67B-C094BA342C8C}.Release|Any CPU.Build.0 = Release|Any CPU
		{7C41C8F8-24F3-46E5-9A76-859EFFFE2844}.Debug|Any CPU.ActiveCfg = Debug|Any CPU
		{7C41C8F8-24F3-46E5-9A76-859EFFFE2844}.Debug|Any CPU.Build.0 = Debug|Any CPU
		{7C41C8F8-24F3-46E5-9A76-859EFFFE2844}.Release|Any CPU.ActiveCfg = Release|Any CPU
		{7C41C8F8-24F3-46E5-9A76-859EFFFE2844}.Release|Any CPU.Build.0 = Release|Any CPU
		{AD1A7DD2-BD08-402D-A0BB-483568B91C76}.Debug|Any CPU.ActiveCfg = Debug|Any CPU
		{AD1A7DD2-BD08-402D-A0BB-483568B91C76}.Debug|Any CPU.Build.0 = Debug|Any CPU
		{AD1A7DD2-BD08-402D-A0BB-483568B91C76}.Release|Any CPU.ActiveCfg = Release|Any CPU
		{AD1A7DD2-BD08-402D-A0BB-483568B91C76}.Release|Any CPU.Build.0 = Release|Any CPU
		{90818186-B60D-4BC1-8AA4-C4C1AF24E8E0}.Debug|Any CPU.ActiveCfg = Debug|Any CPU
		{90818186-B60D-4BC1-8AA4-C4C1AF24E8E0}.Debug|Any CPU.Build.0 = Debug|Any CPU
		{90818186-B60D-4BC1-8AA4-C4C1AF24E8E0}.Release|Any CPU.ActiveCfg = Release|Any CPU
		{90818186-B60D-4BC1-8AA4-C4C1AF24E8E0}.Release|Any CPU.Build.0 = Release|Any CPU
		{71C9946B-D7E5-41FA-AD9B-DF749A831A8E}.Debug|Any CPU.ActiveCfg = Debug|Any CPU
		{71C9946B-D7E5-41FA-AD9B-DF749A831A8E}.Debug|Any CPU.Build.0 = Debug|Any CPU
		{71C9946B-D7E5-41FA-AD9B-DF749A831A8E}.Release|Any CPU.ActiveCfg = Release|Any CPU
		{71C9946B-D7E5-41FA-AD9B-DF749A831A8E}.Release|Any CPU.Build.0 = Release|Any CPU
		{12DA0221-006C-4C4E-BE5F-4746C018B207}.Debug|Any CPU.ActiveCfg = Debug|Any CPU
		{12DA0221-006C-4C4E-BE5F-4746C018B207}.Debug|Any CPU.Build.0 = Debug|Any CPU
		{12DA0221-006C-4C4E-BE5F-4746C018B207}.Release|Any CPU.ActiveCfg = Release|Any CPU
		{12DA0221-006C-4C4E-BE5F-4746C018B207}.Release|Any CPU.Build.0 = Release|Any CPU
		{435158EE-2791-495F-985A-616E2109EB81}.Debug|Any CPU.ActiveCfg = Debug|Any CPU
		{435158EE-2791-495F-985A-616E2109EB81}.Debug|Any CPU.Build.0 = Debug|Any CPU
		{435158EE-2791-495F-985A-616E2109EB81}.Release|Any CPU.ActiveCfg = Release|Any CPU
		{435158EE-2791-495F-985A-616E2109EB81}.Release|Any CPU.Build.0 = Release|Any CPU
		{8E5B0185-6683-4BE9-AF80-AAA1B6183268}.Debug|Any CPU.ActiveCfg = Debug|Any CPU
		{8E5B0185-6683-4BE9-AF80-AAA1B6183268}.Debug|Any CPU.Build.0 = Debug|Any CPU
		{8E5B0185-6683-4BE9-AF80-AAA1B6183268}.Release|Any CPU.ActiveCfg = Release|Any CPU
		{8E5B0185-6683-4BE9-AF80-AAA1B6183268}.Release|Any CPU.Build.0 = Release|Any CPU
	EndGlobalSection
	GlobalSection(SolutionProperties) = preSolution
		HideSolutionNode = FALSE
	EndGlobalSection
	GlobalSection(NestedProjects) = preSolution
		{0D9FF5FA-4CB6-4DB2-8FAB-A8C401770D06} = {B401A857-096F-4DBF-A692-EFD2897EE6FE}
		{A7DAE3F7-297D-4B3D-8938-1E2C1DA7580D} = {B05AE2B4-2143-474E-A2B3-202B56EB6A02}
		{C152C583-6A71-4EBD-9D52-93B5219A8BDA} = {B05AE2B4-2143-474E-A2B3-202B56EB6A02}
		{FF765871-D125-4691-B0CB-37425975F795} = {B05AE2B4-2143-474E-A2B3-202B56EB6A02}
		{CDEF50A3-6B83-44B9-A297-17B757938484} = {087335E7-9DC2-4FF6-A150-16F66201DA80}
		{6AEACDED-B2AA-42FD-B026-976C2227FBCA} = {087335E7-9DC2-4FF6-A150-16F66201DA80}
		{7A67212B-37F9-4B86-A67B-C094BA342C8C} = {087335E7-9DC2-4FF6-A150-16F66201DA80}
		{7C41C8F8-24F3-46E5-9A76-859EFFFE2844} = {087335E7-9DC2-4FF6-A150-16F66201DA80}
		{AD1A7DD2-BD08-402D-A0BB-483568B91C76} = {DE1835EB-A966-41E0-B21C-281445FDE326}
		{90818186-B60D-4BC1-8AA4-C4C1AF24E8E0} = {DE1835EB-A966-41E0-B21C-281445FDE326}
		{71C9946B-D7E5-41FA-AD9B-DF749A831A8E} = {DE1835EB-A966-41E0-B21C-281445FDE326}
		{12DA0221-006C-4C4E-BE5F-4746C018B207} = {D39424F3-FFE0-45FE-A942-13581B7EB3E5}
		{435158EE-2791-495F-985A-616E2109EB81} = {FEA07560-BEEB-46BD-B8B5-B6D3D58C5506}
		{8E5B0185-6683-4BE9-AF80-AAA1B6183268} = {2A26D294-5184-4254-B678-F5DD991FE160}
	EndGlobalSection
	GlobalSection(ExtensibilityGlobals) = postSolution
		SolutionGuid = {F06CEC0F-B9FE-48DA-B414-64675AC7E9A7}
	EndGlobalSection
EndGlobal
